<?xml version="1.0" encoding="utf-8"?>
<Project ToolsVersion="4.0" xmlns="http://schemas.microsoft.com/developer/msbuild/2003">
  <ItemGroup>
    <Filter Include="소스 파일">
      <UniqueIdentifier>{4FC737F1-C7A5-4376-A066-2A32D752A2FF}</UniqueIdentifier>
      <Extensions>cpp;c;cc;cxx;def;odl;idl;hpj;bat;asm;asmx</Extensions>
    </Filter>
    <Filter Include="헤더 파일">
      <UniqueIdentifier>{93995380-89BD-4b04-88EB-625FBE52EBFB}</UniqueIdentifier>
      <Extensions>h;hh;hpp;hxx;hm;inl;inc;xsd</Extensions>
    </Filter>
    <Filter Include="리소스 파일">
      <UniqueIdentifier>{67DA6AB6-F800-4c08-8B7A-83BB121AAD01}</UniqueIdentifier>
      <Extensions>rc;ico;cur;bmp;dlg;rc2;rct;bin;rgs;gif;jpg;jpeg;jpe;resx;tiff;tif;png;wav;mfcribbon-ms</Extensions>
    </Filter>
  </ItemGroup>
  <ItemGroup>
    <ClCompile Include="physicalProperty\Time.cpp">
      <Filter>소스 파일</Filter>
    </ClCompile>
    <ClCompile Include="Main.cpp">
      <Filter>소스 파일</Filter>
    </ClCompile>
    <ClCompile Include="intervals\Interval.cpp">
      <Filter>소스 파일</Filter>
    </ClCompile>
    <ClCompile Include="intervals\Intervals.cpp">
      <Filter>소스 파일</Filter>
    </ClCompile>
    <ClCompile Include="counts\Count.cpp">
      <Filter>소스 파일</Filter>
    </ClCompile>
    <ClCompile Include="counts\CountList.cpp">
      <Filter>소스 파일</Filter>
    </ClCompile>
    <ClCompile Include="physicalProperty\Angle.cpp">
      <Filter>소스 파일</Filter>
    </ClCompile>
    <ClCompile Include="physicalProperty\Length.cpp">
      <Filter>소스 파일</Filter>
    </ClCompile>
    <ClCompile Include="coordinate\LatLon.cpp">
      <Filter>소스 파일</Filter>
    </ClCompile>
    <ClCompile Include="globals\Globals.cpp">
      <Filter>소스 파일</Filter>
    </ClCompile>
    <ClCompile Include="io\FileRead.cpp">
      <Filter>소스 파일</Filter>
    </ClCompile>
    <ClCompile Include="io\FileWrite.cpp">
      <Filter>소스 파일</Filter>
    </ClCompile>
    <ClCompile Include="flights\Flight.cpp">
      <Filter>소스 파일</Filter>
    </ClCompile>
    <ClCompile Include="flights\Flights.cpp">
      <Filter>소스 파일</Filter>
    </ClCompile>
    <ClCompile Include="flights\schedule\Route.cpp">
      <Filter>소스 파일</Filter>
    </ClCompile>
    <ClCompile Include="scheduler\Scheduler.cpp">
      <Filter>소스 파일</Filter>
    </ClCompile>
    <ClCompile Include="map\nodes\Node.cpp">
      <Filter>소스 파일</Filter>
    </ClCompile>
    <ClCompile Include="map\nodes\Nodes.cpp">
      <Filter>소스 파일</Filter>
    </ClCompile>
    <ClCompile Include="map\links\Link.cpp">
      <Filter>소스 파일</Filter>
    </ClCompile>
    <ClCompile Include="map\links\Links.cpp">
      <Filter>소스 파일</Filter>
    </ClCompile>
    <ClCompile Include="scheduler\separationMinima\SeparationMinima.cpp">
      <Filter>소스 파일</Filter>
    </ClCompile>
  </ItemGroup>
  <ItemGroup>
    <ClInclude Include="physicalProperty\Time.h">
      <Filter>헤더 파일</Filter>
    </ClInclude>
    <ClInclude Include="intervals\Interval.h">
      <Filter>헤더 파일</Filter>
    </ClInclude>
    <ClInclude Include="intervals\Intervals.h">
      <Filter>헤더 파일</Filter>
    </ClInclude>
    <ClInclude Include="counts\Count.h">
      <Filter>헤더 파일</Filter>
    </ClInclude>
    <ClInclude Include="counts\CountList.h">
      <Filter>헤더 파일</Filter>
    </ClInclude>
    <ClInclude Include="physicalProperty\Angle.h">
      <Filter>소스 파일</Filter>
    </ClInclude>
    <ClInclude Include="physicalProperty\Length.h">
      <Filter>소스 파일</Filter>
    </ClInclude>
    <ClInclude Include="coordinate\LatLon.h">
      <Filter>헤더 파일</Filter>
    </ClInclude>
    <ClInclude Include="globals\Globals.h">
      <Filter>헤더 파일</Filter>
    </ClInclude>
    <ClInclude Include="io\FileRead.h">
      <Filter>헤더 파일</Filter>
    </ClInclude>
    <ClInclude Include="io\FileWrite.h">
      <Filter>헤더 파일</Filter>
    </ClInclude>
    <ClInclude Include="flights\Flight.h">
      <Filter>헤더 파일</Filter>
    </ClInclude>
    <ClInclude Include="flights\Flights.h">
      <Filter>헤더 파일</Filter>
    </ClInclude>
    <ClInclude Include="flights\schedule\Route.h">
      <Filter>헤더 파일</Filter>
    </ClInclude>
    <ClInclude Include="scheduler\Scheduler.h">
      <Filter>헤더 파일</Filter>
    </ClInclude>
    <ClInclude Include="map\nodes\Node.h">
      <Filter>헤더 파일</Filter>
    </ClInclude>
    <ClInclude Include="map\nodes\Nodes.h">
      <Filter>헤더 파일</Filter>
    </ClInclude>
    <ClInclude Include="map\links\Link.h">
      <Filter>헤더 파일</Filter>
    </ClInclude>
    <ClInclude Include="map\links\Links.h">
      <Filter>헤더 파일</Filter>
    </ClInclude>
    <ClInclude Include="scheduler\separationMinima\SeparationMinima.h">
      <Filter>헤더 파일</Filter>
    </ClInclude>
  </ItemGroup>
</Project>